
Microsoft Visual Studio Solution File, Format Version 12.00
# Visual Studio 16
Project("{FAE04EC0-301F-11D3-BF4B-00C04F79EFBC}") = "Assembly-CSharp", "Assembly-CSharp.csproj", "{D17FF2E9-FFFC-0050-3C7C-2856F95BE439}"
EndProject
Project("{FAE04EC0-301F-11D3-BF4B-00C04F79EFBC}") = "Assembly-CSharp-Editor", "Assembly-CSharp-Editor.csproj", "{07994F0C-3A53-DDA2-4B10-BACA9193EB6C}"
EndProject
Global
	GlobalSection(SolutionConfigurationPlatforms) = preSolution
		Debug|Any CPU = Debug|Any CPU
		Release|Any CPU = Release|Any CPU
	EndGlobalSection
	GlobalSection(ProjectConfigurationPlatforms) = postSolution
		{D17FF2E9-FFFC-0050-3C7C-2856F95BE439}.Debug|Any CPU.ActiveCfg = Debug|Any CPU
		{D17FF2E9-FFFC-0050-3C7C-2856F95BE439}.Debug|Any CPU.Build.0 = Debug|Any CPU
		{D17FF2E9-FFFC-0050-3C7C-2856F95BE439}.Release|Any CPU.ActiveCfg = Release|Any CPU
		{D17FF2E9-FFFC-0050-3C7C-2856F95BE439}.Release|Any CPU.Build.0 = Release|Any CPU
		{07994F0C-3A53-DDA2-4B10-BACA9193EB6C}.Debug|Any CPU.ActiveCfg = Debug|Any CPU
		{07994F0C-3A53-DDA2-4B10-BACA9193EB6C}.Debug|Any CPU.Build.0 = Debug|Any CPU
		{07994F0C-3A53-DDA2-4B10-BACA9193EB6C}.Release|Any CPU.ActiveCfg = Release|Any CPU
		{07994F0C-3A53-DDA2-4B10-BACA9193EB6C}.Release|Any CPU.Build.0 = Release|Any CPU
	EndGlobalSection
	GlobalSection(SolutionProperties) = preSolution
		HideSolutionNode = FALSE
	EndGlobalSection
	GlobalSection(MonoDevelopProperties) = preSolution
		StartupItem = Assembly-CSharp.csproj
	EndGlobalSection
EndGlobal
